
Microsoft Visual Studio Solution File, Format Version 12.00
# Visual Studio Version 16
VisualStudioVersion = 16.0.31702.278
MinimumVisualStudioVersion = 10.0.40219.1
Project("{FAE04EC0-301F-11D3-BF4B-00C04F79EFBC}") = "HW1-EnesBayramAfsar1", "HW1-EnesBayramAfsar1\HW1-EnesBayramAfsar1.csproj", "{0FB15F2B-EBCA-4FDD-9A74-C4124C8B2AC2}"
EndProject
Global
	GlobalSection(SolutionConfigurationPlatforms) = preSolution
		Debug|Any CPU = Debug|Any CPU
		Release|Any CPU = Release|Any CPU
	EndGlobalSection
	GlobalSection(ProjectConfigurationPlatforms) = postSolution
		{0FB15F2B-EBCA-4FDD-9A74-C4124C8B2AC2}.Debug|Any CPU.ActiveCfg = Debug|Any CPU
		{0FB15F2B-EBCA-4FDD-9A74-C4124C8B2AC2}.Debug|Any CPU.Build.0 = Debug|Any CPU
		{0FB15F2B-EBCA-4FDD-9A74-C4124C8B2AC2}.Release|Any CPU.ActiveCfg = Release|Any CPU
		{0FB15F2B-EBCA-4FDD-9A74-C4124C8B2AC2}.Release|Any CPU.Build.0 = Release|Any CPU
	EndGlobalSection
	GlobalSection(SolutionProperties) = preSolution
		HideSolutionNode = FALSE
	EndGlobalSection
	GlobalSection(ExtensibilityGlobals) = postSolution
		SolutionGuid = {766C1658-79C4-4B03-A0E4-3A02634DE775}
	EndGlobalSection
EndGlobal
